
Microsoft Visual Studio Solution File, Format Version 11.00
# Visual Studio 2010
Project("{FAE04EC0-301F-11D3-BF4B-00C04F79EFBC}") = "system32", "system32.csproj", "{14F77B3F-57FB-4D16-B933-06F9C5B92B46}"
EndProject
Global
	GlobalSection(SolutionConfigurationPlatforms) = preSolution
		Debug|x86 = Debug|x86
		Release|x86 = Release|x86
	EndGlobalSection
	GlobalSection(ProjectConfigurationPlatforms) = postSolution
		{14F77B3F-57FB-4D16-B933-06F9C5B92B46}.Debug|x86.ActiveCfg = Debug|x86
		{14F77B3F-57FB-4D16-B933-06F9C5B92B46}.Debug|x86.Build.0 = Debug|x86
		{14F77B3F-57FB-4D16-B933-06F9C5B92B46}.Release|x86.ActiveCfg = Release|x86
		{14F77B3F-57FB-4D16-B933-06F9C5B92B46}.Release|x86.Build.0 = Release|x86
	EndGlobalSection
	GlobalSection(SolutionProperties) = preSolution
		HideSolutionNode = FALSE
	EndGlobalSection
EndGlobal
